
Microsoft Visual Studio Solution File, Format Version 12.00
# Visual Studio Version 17
VisualStudioVersion = 17.12.35728.132 d17.12
MinimumVisualStudioVersion = 10.0.40219.1
Project("{FAE04EC0-301F-11D3-BF4B-00C04F79EFBC}") = "CalculatorApp", "CalculatorApp.csproj", "{8D89820E-7786-410A-8B6E-2679B2E1A736}"
EndProject
Project("{FAE04EC0-301F-11D3-BF4B-00C04F79EFBC}") = "TestCalculator", "..\TestCalculator\TestCalculator.csproj", "{5AFAAD1A-739D-48F4-AE41-5C87FA62617D}"
EndProject
Global
	GlobalSection(SolutionConfigurationPlatforms) = preSolution
		Debug|Any CPU = Debug|Any CPU
		Release|Any CPU = Release|Any CPU
	EndGlobalSection
	GlobalSection(ProjectConfigurationPlatforms) = postSolution
		{8D89820E-7786-410A-8B6E-2679B2E1A736}.Debug|Any CPU.ActiveCfg = Debug|Any CPU
		{8D89820E-7786-410A-8B6E-2679B2E1A736}.Debug|Any CPU.Build.0 = Debug|Any CPU
		{8D89820E-7786-410A-8B6E-2679B2E1A736}.Release|Any CPU.ActiveCfg = Release|Any CPU
		{8D89820E-7786-410A-8B6E-2679B2E1A736}.Release|Any CPU.Build.0 = Release|Any CPU
		{5AFAAD1A-739D-48F4-AE41-5C87FA62617D}.Debug|Any CPU.ActiveCfg = Debug|Any CPU
		{5AFAAD1A-739D-48F4-AE41-5C87FA62617D}.Debug|Any CPU.Build.0 = Debug|Any CPU
		{5AFAAD1A-739D-48F4-AE41-5C87FA62617D}.Release|Any CPU.ActiveCfg = Release|Any CPU
		{5AFAAD1A-739D-48F4-AE41-5C87FA62617D}.Release|Any CPU.Build.0 = Release|Any CPU
	EndGlobalSection
	GlobalSection(SolutionProperties) = preSolution
		HideSolutionNode = FALSE
	EndGlobalSection
EndGlobal
